
Microsoft Visual Studio Solution File, Format Version 12.00
# Visual Studio Version 17
VisualStudioVersion = 17.7.34031.279
MinimumVisualStudioVersion = 10.0.40219.1
Project("{FAE04EC0-301F-11D3-BF4B-00C04F79EFBC}") = "Advanced.FirstAssignment", "Advanced.FirstAssignment.csproj", "{2E275790-C347-4EAE-BDE6-685AE0ACFEC0}"
EndProject
Global
	GlobalSection(SolutionConfigurationPlatforms) = preSolution
		Debug|Any CPU = Debug|Any CPU
		Release|Any CPU = Release|Any CPU
	EndGlobalSection
	GlobalSection(ProjectConfigurationPlatforms) = postSolution
		{2E275790-C347-4EAE-BDE6-685AE0ACFEC0}.Debug|Any CPU.ActiveCfg = Debug|Any CPU
		{2E275790-C347-4EAE-BDE6-685AE0ACFEC0}.Debug|Any CPU.Build.0 = Debug|Any CPU
		{2E275790-C347-4EAE-BDE6-685AE0ACFEC0}.Release|Any CPU.ActiveCfg = Release|Any CPU
		{2E275790-C347-4EAE-BDE6-685AE0ACFEC0}.Release|Any CPU.Build.0 = Release|Any CPU
	EndGlobalSection
	GlobalSection(SolutionProperties) = preSolution
		HideSolutionNode = FALSE
	EndGlobalSection
	GlobalSection(ExtensibilityGlobals) = postSolution
		SolutionGuid = {EAD14027-D6F3-45DE-8FC8-BED0A943A829}
	EndGlobalSection
EndGlobal
